
Microsoft Visual Studio Solution File, Format Version 12.00
# Visual Studio 15
Project("{FAE04EC0-301F-11D3-BF4B-00C04F79EFBC}") = "DeveloperQuiz", "DeveloperQuiz\DeveloperQuiz.csproj", "{BDCDAE0B-5FF7-49A2-B807-71C7F96100E3}"
EndProject
Project("{FAE04EC0-301F-11D3-BF4B-00C04F79EFBC}") = "DeveloperQuizTest", "DeveloperQuizTest\DeveloperQuizTest.csproj", "{64058DC4-68B6-4E22-B07E-6E11E0F87262}"
EndProject
Global
	GlobalSection(SolutionConfigurationPlatforms) = preSolution
		Debug|Any CPU = Debug|Any CPU
		Release|Any CPU = Release|Any CPU
	EndGlobalSection
	GlobalSection(ProjectConfigurationPlatforms) = postSolution
		{BDCDAE0B-5FF7-49A2-B807-71C7F96100E3}.Debug|Any CPU.ActiveCfg = Debug|Any CPU
		{BDCDAE0B-5FF7-49A2-B807-71C7F96100E3}.Debug|Any CPU.Build.0 = Debug|Any CPU
		{BDCDAE0B-5FF7-49A2-B807-71C7F96100E3}.Release|Any CPU.ActiveCfg = Release|Any CPU
		{BDCDAE0B-5FF7-49A2-B807-71C7F96100E3}.Release|Any CPU.Build.0 = Release|Any CPU
		{64058DC4-68B6-4E22-B07E-6E11E0F87262}.Debug|Any CPU.ActiveCfg = Debug|Any CPU
		{64058DC4-68B6-4E22-B07E-6E11E0F87262}.Debug|Any CPU.Build.0 = Debug|Any CPU
		{64058DC4-68B6-4E22-B07E-6E11E0F87262}.Release|Any CPU.ActiveCfg = Release|Any CPU
		{64058DC4-68B6-4E22-B07E-6E11E0F87262}.Release|Any CPU.Build.0 = Release|Any CPU
	EndGlobalSection
EndGlobal
